{
  "name": "bpe-lab-cfd",
  "version": "1.0.0",
  "lockfileVersion": 1,
  "requires": true,
  "packages": {
    "": {
      "name": "bpe-lab-cfd",
      "version": "1.0.0",
      "devDependencies": {
        "eslint": "0.0.0",
        "stylelint": "0.0.0",
        "html-validate": "0.0.0",
        "linkinator": "0.0.0",
        "npm-run-all": "0.0.0"
      }
    },
    "node_modules/eslint": {
      "version": "0.0.0",
      "bin": {
        "eslint": "../.bin/eslint"
      }
    },
    "node_modules/stylelint": {
      "version": "0.0.0",
      "bin": {
        "stylelint": "../.bin/stylelint"
      }
    },
    "node_modules/html-validate": {
      "version": "0.0.0",
      "bin": {
        "html-validate": "../.bin/html-validate"
      }
    },
    "node_modules/linkinator": {
      "version": "0.0.0",
      "bin": {
        "linkinator": "../.bin/linkinator"
      }
    },
    "node_modules/npm-run-all": {
      "version": "0.0.0",
      "bin": {
        "npm-run-all": "../.bin/npm-run-all"
      }
    }
  }
}
